<Solution>
  <Folder Name="/src/">
    <Project Path="src/BibliotecaApp.Data/BibliotecaApp.Data.csproj" />
    <Project Path="src/BibliotecaApp.Domain/BibliotecaApp.Domain.csproj" />
    <Project Path="src/BibliotecaApp.Services/BibliotecaApp.Services.csproj" />
    <Project Path="src/BibliotecaApp.WinForms/BibliotecaApp.WinForms.csproj" />
  </Folder>
</Solution>
